// !$*UTF8*$!
{
	archiveVersion = 1;
	classes = {
	};
	objectVersion = 50;
	objects = {

/* Begin PBXBuildFile section */
		7789811923EC0E22004DE4DB /* AppDelegate.swift in Sources */ = {isa = PBXBuildFile; fileRef = 7789811823EC0E22004DE4DB /* AppDelegate.swift */; };
		7789811B23EC0E22004DE4DB /* SceneDelegate.swift in Sources */ = {isa = PBXBuildFile; fileRef = 7789811A23EC0E22004DE4DB /* SceneDelegate.swift */; };
		7789811D23EC0E22004DE4DB /* HomeViewController.swift in Sources */ = {isa = PBXBuildFile; fileRef = 7789811C23EC0E22004DE4DB /* HomeViewController.swift */; };
		7789812023EC0E22004DE4DB /* Main.storyboard in Resources */ = {isa = PBXBuildFile; fileRef = 7789811E23EC0E22004DE4DB /* Main.storyboard */; };
		7789812223EC0E24004DE4DB /* Assets.xcassets in Resources */ = {isa = PBXBuildFile; fileRef = 7789812123EC0E24004DE4DB /* Assets.xcassets */; };
		7789812523EC0E24004DE4DB /* LaunchScreen.storyboard in Resources */ = {isa = PBXBuildFile; fileRef = 7789812323EC0E24004DE4DB /* LaunchScreen.storyboard */; };
		7789813123EC2036004DE4DB /* Fonts.swift in Sources */ = {isa = PBXBuildFile; fileRef = 7789813023EC2036004DE4DB /* Fonts.swift */; };
/* End PBXBuildFile section */

/* Begin PBXFileReference section */
		7789811523EC0E22004DE4DB /* Pure.app */ = {isa = PBXFileReference; explicitFileType = wrapper.application; includeInIndex = 0; path = Pure.app; sourceTree = BUILT_PRODUCTS_DIR; };
		7789811823EC0E22004DE4DB /* AppDelegate.swift */ = {isa = PBXFileReference; lastKnownFileType = sourcecode.swift; path = AppDelegate.swift; sourceTree = "<group>"; };
		7789811A23EC0E22004DE4DB /* SceneDelegate.swift */ = {isa = PBXFileReference; lastKnownFileType = sourcecode.swift; path = SceneDelegate.swift; sourceTree = "<group>"; };
		7789811C23EC0E22004DE4DB /* HomeViewController.swift */ = {isa = PBXFileReference; lastKnownFileType = sourcecode.swift; path = HomeViewController.swift; sourceTree = "<group>"; };
		7789811F23EC0E22004DE4DB /* Base */ = {isa = PBXFileReference; lastKnownFileType = file.storyboard; name = Base; path = Base.lproj/Main.storyboard; sourceTree = "<group>"; };
		7789812123EC0E24004DE4DB /* Assets.xcassets */ = {isa = PBXFileReference; lastKnownFileType = folder.assetcatalog; path = Assets.xcassets; sourceTree = "<group>"; };
		7789812423EC0E24004DE4DB /* Base */ = {isa = PBXFileReference; lastKnownFileType = file.storyboard; name = Base; path = Base.lproj/LaunchScreen.storyboard; sourceTree = "<group>"; };
		7789812623EC0E24004DE4DB /* Info.plist */ = {isa = PBXFileReference; lastKnownFileType = text.plist.xml; path = Info.plist; sourceTree = "<group>"; };
		7789813023EC2036004DE4DB /* Fonts.swift */ = {isa = PBXFileReference; lastKnownFileType = sourcecode.swift; path = Fonts.swift; sourceTree = "<group>"; };
/* End PBXFileReference section */

/* Begin PBXFrameworksBuildPhase section */
		7789811223EC0E22004DE4DB /* Frameworks */ = {
			isa = PBXFrameworksBuildPhase;
			buildActionMask = 2147483647;
			files = (
			);
			runOnlyForDeploymentPostprocessing = 0;
		};
/* End PBXFrameworksBuildPhase section */

/* Begin PBXGroup section */
		7789810C23EC0E22004DE4DB = {
			isa = PBXGroup;
			children = (
				7789811723EC0E22004DE4DB /* Pure */,
				7789811623EC0E22004DE4DB /* Products */,
			);
			sourceTree = "<group>";
		};
		7789811623EC0E22004DE4DB /* Products */ = {
			isa = PBXGroup;
			children = (
				7789811523EC0E22004DE4DB /* Pure.app */,
			);
			name = Products;
			sourceTree = "<group>";
		};
		7789811723EC0E22004DE4DB /* Pure */ = {
			isa = PBXGroup;
			children = (
				7789811823EC0E22004DE4DB /* AppDelegate.swift */,
				7789811A23EC0E22004DE4DB /* SceneDelegate.swift */,
				7789812E23EC0F4D004DE4DB /* Models */,
				7789812F23EC0F59004DE4DB /* Views */,
				7789812D23EC0F2A004DE4DB /* ViewControllers */,
				7789812C23EC0F18004DE4DB /* StoryBoard */,
				7789812123EC0E24004DE4DB /* Assets.xcassets */,
				7789812323EC0E24004DE4DB /* LaunchScreen.storyboard */,
				7789812623EC0E24004DE4DB /* Info.plist */,
			);
			path = Pure;
			sourceTree = "<group>";
		};
		7789812C23EC0F18004DE4DB /* StoryBoard */ = {
			isa = PBXGroup;
			children = (
				7789811E23EC0E22004DE4DB /* Main.storyboard */,
			);
			path = StoryBoard;
			sourceTree = "<group>";
		};
		7789812D23EC0F2A004DE4DB /* ViewControllers */ = {
			isa = PBXGroup;
			children = (
				7789811C23EC0E22004DE4DB /* HomeViewController.swift */,
			);
			path = ViewControllers;
			sourceTree = "<group>";
		};
		7789812E23EC0F4D004DE4DB /* Models */ = {
			isa = PBXGroup;
			children = (
				7789813023EC2036004DE4DB /* Fonts.swift */,
			);
			path = Models;
			sourceTree = "<group>";
		};
		7789812F23EC0F59004DE4DB /* Views */ = {
			isa = PBXGroup;
			children = (
			);
			path = Views;
			sourceTree = "<group>";
		};
/* End PBXGroup section */

/* Begin PBXNativeTarget section */
		7789811423EC0E22004DE4DB /* Pure */ = {
			isa = PBXNativeTarget;
			buildConfigurationList = 7789812923EC0E24004DE4DB /* Build configuration list for PBXNativeTarget "Pure" */;
			buildPhases = (
				7789811123EC0E22004DE4DB /* Sources */,
				7789811223EC0E22004DE4DB /* Frameworks */,
				7789811323EC0E22004DE4DB /* Resources */,
			);
			buildRules = (
			);
			dependencies = (
			);
			name = Pure;
			productName = Pure;
			productReference = 7789811523EC0E22004DE4DB /* Pure.app */;
			productType = "com.apple.product-type.application";
		};
/* End PBXNativeTarget section */

/* Begin PBXProject section */
		7789810D23EC0E22004DE4DB /* Project object */ = {
			isa = PBXProject;
			attributes = {
				LastSwiftUpdateCheck = 1130;
				LastUpgradeCheck = 1130;
				ORGANIZATIONNAME = "Mo Drame";
				TargetAttributes = {
					7789811423EC0E22004DE4DB = {
						CreatedOnToolsVersion = 11.3.1;
					};
				};
			};
			buildConfigurationList = 7789811023EC0E22004DE4DB /* Build configuration list for PBXProject "Pure" */;
			compatibilityVersion = "Xcode 9.3";
			developmentRegion = en;
			hasScannedForEncodings = 0;
			knownRegions = (
				en,
				Base,
			);
			mainGroup = 7789810C23EC0E22004DE4DB;
			productRefGroup = 7789811623EC0E22004DE4DB /* Products */;
			projectDirPath = "";
			projectRoot = "";
			targets = (
				7789811423EC0E22004DE4DB /* Pure */,
			);
		};
/* End PBXProject section */

/* Begin PBXResourcesBuildPhase section */
		7789811323EC0E22004DE4DB /* Resources */ = {
			isa = PBXResourcesBuildPhase;
			buildActionMask = 2147483647;
			files = (
				7789812523EC0E24004DE4DB /* LaunchScreen.storyboard in Resources */,
				7789812223EC0E24004DE4DB /* Assets.xcassets in Resources */,
				7789812023EC0E22004DE4DB /* Main.storyboard in Resources */,
			);
			runOnlyForDeploymentPostprocessing = 0;
		};
/* End PBXResourcesBuildPhase section */

/* Begin PBXSourcesBuildPhase section */
		7789811123EC0E22004DE4DB /* Sources */ = {
			isa = PBXSourcesBuildPhase;
			buildActionMask = 2147483647;
			files = (
				7789813123EC2036004DE4DB /* Fonts.swift in Sources */,
				7789811D23EC0E22004DE4DB /* HomeViewController.swift in Sources */,
				7789811923EC0E22004DE4DB /* AppDelegate.swift in Sources */,
				7789811B23EC0E22004DE4DB /* SceneDelegate.swift in Sources */,
			);
			runOnlyForDeploymentPostprocessing = 0;
		};
/* End PBXSourcesBuildPhase section */

/* Begin PBXVariantGroup section */
		7789811E23EC0E22004DE4DB /* Main.storyboard */ = {
			isa = PBXVariantGroup;
			children = (
				7789811F23EC0E22004DE4DB /* Base */,
			);
			name = Main.storyboard;
			sourceTree = "<group>";
		};
		7789812323EC0E24004DE4DB /* LaunchScreen.storyboard */ = {
			isa = PBXVariantGroup;
			children = (
				7789812423EC0E24004DE4DB /* Base */,
			);
			name = LaunchScreen.storyboard;
			sourceTree = "<group>";
		};
/* End PBXVariantGroup section */

/* Begin XCBuildConfiguration section */
		7789812723EC0E24004DE4DB /* Debug */ = {
			isa = XCBuildConfiguration;
			buildSettings = {
				ALWAYS_SEARCH_USER_PATHS = NO;
				CLANG_ANALYZER_NONNULL = YES;
				CLANG_ANALYZER_NUMBER_OBJECT_CONVERSION = YES_AGGRESSIVE;
				CLANG_CXX_LANGUAGE_STANDARD = "gnu++14";
				CLANG_CXX_LIBRARY = "libc++";
				CLANG_ENABLE_MODULES = YES;
				CLANG_ENABLE_OBJC_ARC = YES;
				CLANG_ENABLE_OBJC_WEAK = YES;
				CLANG_WARN_BLOCK_CAPTURE_AUTORELEASING = YES;
				CLANG_WARN_BOOL_CONVERSION = YES;
				CLANG_WARN_COMMA = YES;
				CLANG_WARN_CONSTANT_CONVERSION = YES;
				CLANG_WARN_DEPRECATED_OBJC_IMPLEMENTATIONS = YES;
				CLANG_WARN_DIRECT_OBJC_ISA_USAGE = YES_ERROR;
				CLANG_WARN_DOCUMENTATION_COMMENTS = YES;
				CLANG_WARN_EMPTY_BODY = YES;
				CLANG_WARN_ENUM_CONVERSION = YES;
				CLANG_WARN_INFINITE_RECURSION = YES;
				CLANG_WARN_INT_CONVERSION = YES;
				CLANG_WARN_NON_LITERAL_NULL_CONVERSION = YES;
				CLANG_WARN_OBJC_IMPLICIT_RETAIN_SELF = YES;
				CLANG_WARN_OBJC_LITERAL_CONVERSION = YES;
				CLANG_WARN_OBJC_ROOT_CLASS = YES_ERROR;
				CLANG_WARN_RANGE_LOOP_ANALYSIS = YES;
				CLANG_WARN_STRICT_PROTOTYPES = YES;
				CLANG_WARN_SUSPICIOUS_MOVE = YES;
				CLANG_WARN_UNGUARDED_AVAILABILITY = YES_AGGRESSIVE;
				CLANG_WARN_UNREACHABLE_CODE = YES;
				CLANG_WARN__DUPLICATE_METHOD_MATCH = YES;
				COPY_PHASE_STRIP = NO;
				DEBUG_INFORMATION_FORMAT = dwarf;
				ENABLE_STRICT_OBJC_MSGSEND = YES;
				ENABLE_TESTABILITY = YES;
				GCC_C_LANGUAGE_STANDARD = gnu11;
				GCC_DYNAMIC_NO_PIC = NO;
				GCC_NO_COMMON_BLOCKS = YES;
				GCC_OPTIMIZATION_LEVEL = 0;
				GCC_PREPROCESSOR_DEFINITIONS = (
					"DEBUG=1",
					"$(inherited)",
				);
				GCC_WARN_64_TO_32_BIT_CONVERSION = YES;
				GCC_WARN_ABOUT_RETURN_TYPE = YES_ERROR;
				GCC_WARN_UNDECLARED_SELECTOR = YES;
				GCC_WARN_UNINITIALIZED_AUTOS = YES_AGGRESSIVE;
				GCC_WARN_UNUSED_FUNCTION = YES;
				GCC_WARN_UNUSED_VARIABLE = YES;
				IPHONEOS_DEPLOYMENT_TARGET = 13.2;
				MTL_ENABLE_DEBUG_INFO = INCLUDE_SOURCE;
				MTL_FAST_MATH = YES;
				ONLY_ACTIVE_ARCH = YES;
				SDKROOT = iphoneos;
				SWIFT_ACTIVE_COMPILATION_CONDITIONS = DEBUG;
				SWIFT_OPTIMIZATION_LEVEL = "-Onone";
			};
			name = Debug;
		};
		7789812823EC0E24004DE4DB /* Release */ = {
			isa = XCBuildConfiguration;
			buildSettings = {
				ALWAYS_SEARCH_USER_PATHS = NO;
				CLANG_ANALYZER_NONNULL = YES;
				CLANG_ANALYZER_NUMBER_OBJECT_CONVERSION = YES_AGGRESSIVE;
				CLANG_CXX_LANGUAGE_STANDARD = "gnu++14";
				CLANG_CXX_LIBRARY = "libc++";
				CLANG_ENABLE_MODULES = YES;
				CLANG_ENABLE_OBJC_ARC = YES;
				CLANG_ENABLE_OBJC_WEAK = YES;
				CLANG_WARN_BLOCK_CAPTURE_AUTORELEASING = YES;
				CLANG_WARN_BOOL_CONVERSION = YES;
				CLANG_WARN_COMMA = YES;
				CLANG_WARN_CONSTANT_CONVERSION = YES;
				CLANG_WARN_DEPRECATED_OBJC_IMPLEMENTATIONS = YES;
				CLANG_WARN_DIRECT_OBJC_ISA_USAGE = YES_ERROR;
				CLANG_WARN_DOCUMENTATION_COMMENTS = YES;
				CLANG_WARN_EMPTY_BODY = YES;
				CLANG_WARN_ENUM_CONVERSION = YES;
				CLANG_WARN_INFINITE_RECURSION = YES;
				CLANG_WARN_INT_CONVERSION = YES;
				CLANG_WARN_NON_LITERAL_NULL_CONVERSION = YES;
				CLANG_WARN_OBJC_IMPLICIT_RETAIN_SELF = YES;
				CLANG_WARN_OBJC_LITERAL_CONVERSION = YES;
				CLANG_WARN_OBJC_ROOT_CLASS = YES_ERROR;
				CLANG_WARN_RANGE_LOOP_ANALYSIS = YES;
				CLANG_WARN_STRICT_PROTOTYPES = YES;
				CLANG_WARN_SUSPICIOUS_MOVE = YES;
				CLANG_WARN_UNGUARDED_AVAILABILITY = YES_AGGRESSIVE;
				CLANG_WARN_UNREACHABLE_CODE = YES;
				CLANG_WARN__DUPLICATE_METHOD_MATCH = YES;
				COPY_PHASE_STRIP = NO;
				DEBUG_INFORMATION_FORMAT = "dwarf-with-dsym";
				ENABLE_NS_ASSERTIONS = NO;
				ENABLE_STRICT_OBJC_MSGSEND = YES;
				GCC_C_LANGUAGE_STANDARD = gnu11;
				GCC_NO_COMMON_BLOCKS = YES;
				GCC_WARN_64_TO_32_BIT_CONVERSION = YES;
				GCC_WARN_ABOUT_RETURN_TYPE = YES_ERROR;
				GCC_WARN_UNDECLARED_SELECTOR = YES;
				GCC_WARN_UNINITIALIZED_AUTOS = YES_AGGRESSIVE;
				GCC_WARN_UNUSED_FUNCTION = YES;
				GCC_WARN_UNUSED_VARIABLE = YES;
				IPHONEOS_DEPLOYMENT_TARGET = 13.2;
				MTL_ENABLE_DEBUG_INFO = NO;
				MTL_FAST_MATH = YES;
				SDKROOT = iphoneos;
				SWIFT_COMPILATION_MODE = wholemodule;
				SWIFT_OPTIMIZATION_LEVEL = "-O";
				VALIDATE_PRODUCT = YES;
			};
			name = Release;
		};
		7789812A23EC0E24004DE4DB /* Debug */ = {
			isa = XCBuildConfiguration;
			buildSettings = {
				ASSETCATALOG_COMPILER_APPICON_NAME = AppIcon;
				CODE_SIGN_STYLE = Automatic;
				DEVELOPMENT_TEAM = 6AY5G84ET7;
				INFOPLIST_FILE = Pure/Info.plist;
				LD_RUNPATH_SEARCH_PATHS = (
					"$(inherited)",
					"@executable_path/Frameworks",
				);
				PRODUCT_BUNDLE_IDENTIFIER = com.modrame.herokuapp.Pure;
				PRODUCT_NAME = "$(TARGET_NAME)";
				SWIFT_VERSION = 5.0;
				TARGETED_DEVICE_FAMILY = 1;
			};
			name = Debug;
		};
		7789812B23EC0E24004DE4DB /* Release */ = {
			isa = XCBuildConfiguration;
			buildSettings = {
				ASSETCATALOG_COMPILER_APPICON_NAME = AppIcon;
				CODE_SIGN_STYLE = Automatic;
				DEVELOPMENT_TEAM = 6AY5G84ET7;
				INFOPLIST_FILE = Pure/Info.plist;
				LD_RUNPATH_SEARCH_PATHS = (
					"$(inherited)",
					"@executable_path/Frameworks",
				);
				PRODUCT_BUNDLE_IDENTIFIER = com.modrame.herokuapp.Pure;
				PRODUCT_NAME = "$(TARGET_NAME)";
				SWIFT_VERSION = 5.0;
				TARGETED_DEVICE_FAMILY = 1;
			};
			name = Release;
		};
/* End XCBuildConfiguration section */

/* Begin XCConfigurationList section */
		7789811023EC0E22004DE4DB /* Build configuration list for PBXProject "Pure" */ = {
			isa = XCConfigurationList;
			buildConfigurations = (
				7789812723EC0E24004DE4DB /* Debug */,
				7789812823EC0E24004DE4DB /* Release */,
			);
			defaultConfigurationIsVisible = 0;
			defaultConfigurationName = Release;
		};
		7789812923EC0E24004DE4DB /* Build configuration list for PBXNativeTarget "Pure" */ = {
			isa = XCConfigurationList;
			buildConfigurations = (
				7789812A23EC0E24004DE4DB /* Debug */,
				7789812B23EC0E24004DE4DB /* Release */,
			);
			defaultConfigurationIsVisible = 0;
			defaultConfigurationName = Release;
		};
/* End XCConfigurationList section */
	};
	rootObject = 7789810D23EC0E22004DE4DB /* Project object */;
}
